
Microsoft Visual Studio Solution File, Format Version 12.00
# Visual Studio Version 16
VisualStudioVersion = 16.0.30907.101
MinimumVisualStudioVersion = 10.0.40219.1
Project("{FAE04EC0-301F-11D3-BF4B-00C04F79EFBC}") = "EntityFrameworkCore", "EntityFrameworkCore\EntityFrameworkCore.csproj", "{F94665E6-C3B2-4198-8791-6D056A5AAEF2}"
EndProject
Global
	GlobalSection(SolutionConfigurationPlatforms) = preSolution
		Debug|Any CPU = Debug|Any CPU
		Release|Any CPU = Release|Any CPU
	EndGlobalSection
	GlobalSection(ProjectConfigurationPlatforms) = postSolution
		{F94665E6-C3B2-4198-8791-6D056A5AAEF2}.Debug|Any CPU.ActiveCfg = Debug|Any CPU
		{F94665E6-C3B2-4198-8791-6D056A5AAEF2}.Debug|Any CPU.Build.0 = Debug|Any CPU
		{F94665E6-C3B2-4198-8791-6D056A5AAEF2}.Release|Any CPU.ActiveCfg = Release|Any CPU
		{F94665E6-C3B2-4198-8791-6D056A5AAEF2}.Release|Any CPU.Build.0 = Release|Any CPU
	EndGlobalSection
	GlobalSection(SolutionProperties) = preSolution
		HideSolutionNode = FALSE
	EndGlobalSection
	GlobalSection(ExtensibilityGlobals) = postSolution
		SolutionGuid = {44DBE346-FD31-43A9-8BEC-BB5D449E3FB5}
	EndGlobalSection
EndGlobal
